
Microsoft Visual Studio Solution File, Format Version 12.00
# Visual Studio Version 17
VisualStudioVersion = 17.10.35122.118
MinimumVisualStudioVersion = 10.0.40219.1
Project("{9A19103F-16F7-4668-BE54-9A1E7A4F7556}") = "TekstilScada", "TekstilScada.csproj", "{DD00EB64-A4F9-4B50-ABC2-73251A79E4A6}"
EndProject
Project("{FAE04EC0-301F-11D3-BF4B-00C04F79EFBC}") = "TekstilScada.Core", "TekstilScada.Core\TekstilScada.Core.csproj", "{07ABAC97-98C8-4612-AA26-A8FFB991B060}"
EndProject
Project("{FAE04EC0-301F-11D3-BF4B-00C04F79EFBC}") = "TekstilScada.WebAPI", "TekstilScada.WebAPI\TekstilScada.WebAPI.csproj", "{B5D0B4AF-C39A-FC91-921C-F37644E14A44}"
EndProject
Project("{FAE04EC0-301F-11D3-BF4B-00C04F79EFBC}") = "TekstilScada.WebApp", "TekstilScada.WebApp\TekstilScada.WebApp.csproj", "{2AFC1CAC-04C3-B0E1-5B4C-A2AD1EB36826}"
EndProject
Global
	GlobalSection(SolutionConfigurationPlatforms) = preSolution
		Debug|Any CPU = Debug|Any CPU
		Debug|x64 = Debug|x64
		Debug|x86 = Debug|x86
		Release|Any CPU = Release|Any CPU
		Release|x64 = Release|x64
		Release|x86 = Release|x86
	EndGlobalSection
	GlobalSection(ProjectConfigurationPlatforms) = postSolution
		{DD00EB64-A4F9-4B50-ABC2-73251A79E4A6}.Debug|Any CPU.ActiveCfg = Debug|Any CPU
		{DD00EB64-A4F9-4B50-ABC2-73251A79E4A6}.Debug|Any CPU.Build.0 = Debug|Any CPU
		{DD00EB64-A4F9-4B50-ABC2-73251A79E4A6}.Debug|x64.ActiveCfg = Debug|Any CPU
		{DD00EB64-A4F9-4B50-ABC2-73251A79E4A6}.Debug|x64.Build.0 = Debug|Any CPU
		{DD00EB64-A4F9-4B50-ABC2-73251A79E4A6}.Debug|x86.ActiveCfg = Debug|Any CPU
		{DD00EB64-A4F9-4B50-ABC2-73251A79E4A6}.Debug|x86.Build.0 = Debug|Any CPU
		{DD00EB64-A4F9-4B50-ABC2-73251A79E4A6}.Release|Any CPU.ActiveCfg = Release|Any CPU
		{DD00EB64-A4F9-4B50-ABC2-73251A79E4A6}.Release|Any CPU.Build.0 = Release|Any CPU
		{DD00EB64-A4F9-4B50-ABC2-73251A79E4A6}.Release|x64.ActiveCfg = Release|Any CPU
		{DD00EB64-A4F9-4B50-ABC2-73251A79E4A6}.Release|x64.Build.0 = Release|Any CPU
		{DD00EB64-A4F9-4B50-ABC2-73251A79E4A6}.Release|x86.ActiveCfg = Release|Any CPU
		{DD00EB64-A4F9-4B50-ABC2-73251A79E4A6}.Release|x86.Build.0 = Release|Any CPU
		{07ABAC97-98C8-4612-AA26-A8FFB991B060}.Debug|Any CPU.ActiveCfg = Debug|Any CPU
		{07ABAC97-98C8-4612-AA26-A8FFB991B060}.Debug|Any CPU.Build.0 = Debug|Any CPU
		{07ABAC97-98C8-4612-AA26-A8FFB991B060}.Debug|x64.ActiveCfg = Debug|Any CPU
		{07ABAC97-98C8-4612-AA26-A8FFB991B060}.Debug|x64.Build.0 = Debug|Any CPU
		{07ABAC97-98C8-4612-AA26-A8FFB991B060}.Debug|x86.ActiveCfg = Debug|Any CPU
		{07ABAC97-98C8-4612-AA26-A8FFB991B060}.Debug|x86.Build.0 = Debug|Any CPU
		{07ABAC97-98C8-4612-AA26-A8FFB991B060}.Release|Any CPU.ActiveCfg = Release|Any CPU
		{07ABAC97-98C8-4612-AA26-A8FFB991B060}.Release|Any CPU.Build.0 = Release|Any CPU
		{07ABAC97-98C8-4612-AA26-A8FFB991B060}.Release|x64.ActiveCfg = Release|Any CPU
		{07ABAC97-98C8-4612-AA26-A8FFB991B060}.Release|x64.Build.0 = Release|Any CPU
		{07ABAC97-98C8-4612-AA26-A8FFB991B060}.Release|x86.ActiveCfg = Release|Any CPU
		{07ABAC97-98C8-4612-AA26-A8FFB991B060}.Release|x86.Build.0 = Release|Any CPU
		{B5D0B4AF-C39A-FC91-921C-F37644E14A44}.Debug|Any CPU.ActiveCfg = Debug|Any CPU
		{B5D0B4AF-C39A-FC91-921C-F37644E14A44}.Debug|Any CPU.Build.0 = Debug|Any CPU
		{B5D0B4AF-C39A-FC91-921C-F37644E14A44}.Debug|x64.ActiveCfg = Debug|Any CPU
		{B5D0B4AF-C39A-FC91-921C-F37644E14A44}.Debug|x64.Build.0 = Debug|Any CPU
		{B5D0B4AF-C39A-FC91-921C-F37644E14A44}.Debug|x86.ActiveCfg = Debug|Any CPU
		{B5D0B4AF-C39A-FC91-921C-F37644E14A44}.Debug|x86.Build.0 = Debug|Any CPU
		{B5D0B4AF-C39A-FC91-921C-F37644E14A44}.Release|Any CPU.ActiveCfg = Release|Any CPU
		{B5D0B4AF-C39A-FC91-921C-F37644E14A44}.Release|Any CPU.Build.0 = Release|Any CPU
		{B5D0B4AF-C39A-FC91-921C-F37644E14A44}.Release|x64.ActiveCfg = Release|Any CPU
		{B5D0B4AF-C39A-FC91-921C-F37644E14A44}.Release|x64.Build.0 = Release|Any CPU
		{B5D0B4AF-C39A-FC91-921C-F37644E14A44}.Release|x86.ActiveCfg = Release|Any CPU
		{B5D0B4AF-C39A-FC91-921C-F37644E14A44}.Release|x86.Build.0 = Release|Any CPU
		{2AFC1CAC-04C3-B0E1-5B4C-A2AD1EB36826}.Debug|Any CPU.ActiveCfg = Debug|Any CPU
		{2AFC1CAC-04C3-B0E1-5B4C-A2AD1EB36826}.Debug|Any CPU.Build.0 = Debug|Any CPU
		{2AFC1CAC-04C3-B0E1-5B4C-A2AD1EB36826}.Debug|x64.ActiveCfg = Debug|Any CPU
		{2AFC1CAC-04C3-B0E1-5B4C-A2AD1EB36826}.Debug|x64.Build.0 = Debug|Any CPU
		{2AFC1CAC-04C3-B0E1-5B4C-A2AD1EB36826}.Debug|x86.ActiveCfg = Debug|Any CPU
		{2AFC1CAC-04C3-B0E1-5B4C-A2AD1EB36826}.Debug|x86.Build.0 = Debug|Any CPU
		{2AFC1CAC-04C3-B0E1-5B4C-A2AD1EB36826}.Release|Any CPU.ActiveCfg = Release|Any CPU
		{2AFC1CAC-04C3-B0E1-5B4C-A2AD1EB36826}.Release|Any CPU.Build.0 = Release|Any CPU
		{2AFC1CAC-04C3-B0E1-5B4C-A2AD1EB36826}.Release|x64.ActiveCfg = Release|Any CPU
		{2AFC1CAC-04C3-B0E1-5B4C-A2AD1EB36826}.Release|x64.Build.0 = Release|Any CPU
		{2AFC1CAC-04C3-B0E1-5B4C-A2AD1EB36826}.Release|x86.ActiveCfg = Release|Any CPU
		{2AFC1CAC-04C3-B0E1-5B4C-A2AD1EB36826}.Release|x86.Build.0 = Release|Any CPU
	EndGlobalSection
	GlobalSection(SolutionProperties) = preSolution
		HideSolutionNode = FALSE
	EndGlobalSection
	GlobalSection(ExtensibilityGlobals) = postSolution
		SolutionGuid = {D87C61C7-D857-4573-B457-5C165598344E}
	EndGlobalSection
EndGlobal
